
Microsoft Visual Studio Solution File, Format Version 12.00
Project("{FAE04EC0-301F-11D3-BF4B-00C04F79EFBC}") = "10task3", "10task3\10task3.csproj", "{B79EB8EB-4C1B-478D-A10F-D48F95DD603A}"
EndProject
Global
	GlobalSection(SolutionConfigurationPlatforms) = preSolution
		Debug|Any CPU = Debug|Any CPU
		Release|Any CPU = Release|Any CPU
	EndGlobalSection
	GlobalSection(ProjectConfigurationPlatforms) = postSolution
		{B79EB8EB-4C1B-478D-A10F-D48F95DD603A}.Debug|Any CPU.ActiveCfg = Debug|Any CPU
		{B79EB8EB-4C1B-478D-A10F-D48F95DD603A}.Debug|Any CPU.Build.0 = Debug|Any CPU
		{B79EB8EB-4C1B-478D-A10F-D48F95DD603A}.Release|Any CPU.ActiveCfg = Release|Any CPU
		{B79EB8EB-4C1B-478D-A10F-D48F95DD603A}.Release|Any CPU.Build.0 = Release|Any CPU
	EndGlobalSection
EndGlobal
